// !$*UTF8*$!
{
	archiveVersion = 1;
	classes = {
	};
	objectVersion = 56;
	objects = {

/* Begin PBXBuildFile section */
		DD44E74B29C9F89B00AF0B5D /* AppDelegate.swift in Sources */ = {isa = PBXBuildFile; fileRef = DD44E74A29C9F89B00AF0B5D /* AppDelegate.swift */; };
		DD44E74D29C9F89B00AF0B5D /* SceneDelegate.swift in Sources */ = {isa = PBXBuildFile; fileRef = DD44E74C29C9F89B00AF0B5D /* SceneDelegate.swift */; };
		DD44E74F29C9F89B00AF0B5D /* ViewController.swift in Sources */ = {isa = PBXBuildFile; fileRef = DD44E74E29C9F89B00AF0B5D /* ViewController.swift */; };
		DD44E75229C9F89B00AF0B5D /* Main.storyboard in Resources */ = {isa = PBXBuildFile; fileRef = DD44E75029C9F89B00AF0B5D /* Main.storyboard */; };
		DD44E75529C9F89B00AF0B5D /* Vero_Digital_Solutions_Case.xcdatamodeld in Sources */ = {isa = PBXBuildFile; fileRef = DD44E75329C9F89B00AF0B5D /* Vero_Digital_Solutions_Case.xcdatamodeld */; };
		DD44E75729C9F89B00AF0B5D /* Assets.xcassets in Resources */ = {isa = PBXBuildFile; fileRef = DD44E75629C9F89B00AF0B5D /* Assets.xcassets */; };
		DD44E75A29C9F89B00AF0B5D /* LaunchScreen.storyboard in Resources */ = {isa = PBXBuildFile; fileRef = DD44E75829C9F89B00AF0B5D /* LaunchScreen.storyboard */; };
		DD44E77029CC833200AF0B5D /* NetworkManager.swift in Sources */ = {isa = PBXBuildFile; fileRef = DD44E76F29CC833200AF0B5D /* NetworkManager.swift */; };
		DD44E77329CC835F00AF0B5D /* Errors.swift in Sources */ = {isa = PBXBuildFile; fileRef = DD44E77229CC835F00AF0B5D /* Errors.swift */; };
		DD44E77529CC837E00AF0B5D /* HTTPMethods.swift in Sources */ = {isa = PBXBuildFile; fileRef = DD44E77429CC837E00AF0B5D /* HTTPMethods.swift */; };
		DD44E77729CC839B00AF0B5D /* NetworkServiceHelper.swift in Sources */ = {isa = PBXBuildFile; fileRef = DD44E77629CC839B00AF0B5D /* NetworkServiceHelper.swift */; };
		DD44E77A29CC83B500AF0B5D /* NetworkService.swift in Sources */ = {isa = PBXBuildFile; fileRef = DD44E77929CC83B500AF0B5D /* NetworkService.swift */; };
		DD44E77D29CC83D000AF0B5D /* ItemsModel.swift in Sources */ = {isa = PBXBuildFile; fileRef = DD44E77C29CC83D000AF0B5D /* ItemsModel.swift */; };
		DD44E77F29CC83DF00AF0B5D /* LoginResponseModel.swift in Sources */ = {isa = PBXBuildFile; fileRef = DD44E77E29CC83DF00AF0B5D /* LoginResponseModel.swift */; };
/* End PBXBuildFile section */

/* Begin PBXFileReference section */
		DD44E74729C9F89B00AF0B5D /* Vero-Digital-Solutions-Case.app */ = {isa = PBXFileReference; explicitFileType = wrapper.application; includeInIndex = 0; path = "Vero-Digital-Solutions-Case.app"; sourceTree = BUILT_PRODUCTS_DIR; };
		DD44E74A29C9F89B00AF0B5D /* AppDelegate.swift */ = {isa = PBXFileReference; lastKnownFileType = sourcecode.swift; path = AppDelegate.swift; sourceTree = "<group>"; };
		DD44E74C29C9F89B00AF0B5D /* SceneDelegate.swift */ = {isa = PBXFileReference; lastKnownFileType = sourcecode.swift; path = SceneDelegate.swift; sourceTree = "<group>"; };
		DD44E74E29C9F89B00AF0B5D /* ViewController.swift */ = {isa = PBXFileReference; lastKnownFileType = sourcecode.swift; path = ViewController.swift; sourceTree = "<group>"; };
		DD44E75129C9F89B00AF0B5D /* Base */ = {isa = PBXFileReference; lastKnownFileType = file.storyboard; name = Base; path = Base.lproj/Main.storyboard; sourceTree = "<group>"; };
		DD44E75429C9F89B00AF0B5D /* Vero_Digital_Solutions_Case.xcdatamodel */ = {isa = PBXFileReference; lastKnownFileType = wrapper.xcdatamodel; path = Vero_Digital_Solutions_Case.xcdatamodel; sourceTree = "<group>"; };
		DD44E75629C9F89B00AF0B5D /* Assets.xcassets */ = {isa = PBXFileReference; lastKnownFileType = folder.assetcatalog; path = Assets.xcassets; sourceTree = "<group>"; };
		DD44E75929C9F89B00AF0B5D /* Base */ = {isa = PBXFileReference; lastKnownFileType = file.storyboard; name = Base; path = Base.lproj/LaunchScreen.storyboard; sourceTree = "<group>"; };
		DD44E75B29C9F89B00AF0B5D /* Info.plist */ = {isa = PBXFileReference; lastKnownFileType = text.plist.xml; path = Info.plist; sourceTree = "<group>"; };
		DD44E76F29CC833200AF0B5D /* NetworkManager.swift */ = {isa = PBXFileReference; lastKnownFileType = sourcecode.swift; path = NetworkManager.swift; sourceTree = "<group>"; };
		DD44E77229CC835F00AF0B5D /* Errors.swift */ = {isa = PBXFileReference; lastKnownFileType = sourcecode.swift; path = Errors.swift; sourceTree = "<group>"; };
		DD44E77429CC837E00AF0B5D /* HTTPMethods.swift */ = {isa = PBXFileReference; lastKnownFileType = sourcecode.swift; path = HTTPMethods.swift; sourceTree = "<group>"; };
		DD44E77629CC839B00AF0B5D /* NetworkServiceHelper.swift */ = {isa = PBXFileReference; lastKnownFileType = sourcecode.swift; path = NetworkServiceHelper.swift; sourceTree = "<group>"; };
		DD44E77929CC83B500AF0B5D /* NetworkService.swift */ = {isa = PBXFileReference; lastKnownFileType = sourcecode.swift; path = NetworkService.swift; sourceTree = "<group>"; };
		DD44E77C29CC83D000AF0B5D /* ItemsModel.swift */ = {isa = PBXFileReference; lastKnownFileType = sourcecode.swift; path = ItemsModel.swift; sourceTree = "<group>"; };
		DD44E77E29CC83DF00AF0B5D /* LoginResponseModel.swift */ = {isa = PBXFileReference; lastKnownFileType = sourcecode.swift; path = LoginResponseModel.swift; sourceTree = "<group>"; };
/* End PBXFileReference section */

/* Begin PBXFrameworksBuildPhase section */
		DD44E74429C9F89B00AF0B5D /* Frameworks */ = {
			isa = PBXFrameworksBuildPhase;
			buildActionMask = 2147483647;
			files = (
			);
			runOnlyForDeploymentPostprocessing = 0;
		};
/* End PBXFrameworksBuildPhase section */

/* Begin PBXGroup section */
		DD44E73E29C9F89B00AF0B5D = {
			isa = PBXGroup;
			children = (
				DD44E74929C9F89B00AF0B5D /* Vero-Digital-Solutions-Case */,
				DD44E74829C9F89B00AF0B5D /* Products */,
			);
			sourceTree = "<group>";
		};
		DD44E74829C9F89B00AF0B5D /* Products */ = {
			isa = PBXGroup;
			children = (
				DD44E74729C9F89B00AF0B5D /* Vero-Digital-Solutions-Case.app */,
			);
			name = Products;
			sourceTree = "<group>";
		};
		DD44E74929C9F89B00AF0B5D /* Vero-Digital-Solutions-Case */ = {
			isa = PBXGroup;
			children = (
				DD44E77B29CC83C700AF0B5D /* Model */,
				DD44E77829CC83A700AF0B5D /* Service */,
				DD44E77129CC834600AF0B5D /* Helpers */,
				DD44E76E29CC832500AF0B5D /* Network */,
				DD44E74A29C9F89B00AF0B5D /* AppDelegate.swift */,
				DD44E74C29C9F89B00AF0B5D /* SceneDelegate.swift */,
				DD44E74E29C9F89B00AF0B5D /* ViewController.swift */,
				DD44E75029C9F89B00AF0B5D /* Main.storyboard */,
				DD44E75629C9F89B00AF0B5D /* Assets.xcassets */,
				DD44E75829C9F89B00AF0B5D /* LaunchScreen.storyboard */,
				DD44E75B29C9F89B00AF0B5D /* Info.plist */,
				DD44E75329C9F89B00AF0B5D /* Vero_Digital_Solutions_Case.xcdatamodeld */,
			);
			path = "Vero-Digital-Solutions-Case";
			sourceTree = "<group>";
		};
		DD44E76E29CC832500AF0B5D /* Network */ = {
			isa = PBXGroup;
			children = (
				DD44E76F29CC833200AF0B5D /* NetworkManager.swift */,
			);
			path = Network;
			sourceTree = "<group>";
		};
		DD44E77129CC834600AF0B5D /* Helpers */ = {
			isa = PBXGroup;
			children = (
				DD44E77229CC835F00AF0B5D /* Errors.swift */,
				DD44E77429CC837E00AF0B5D /* HTTPMethods.swift */,
				DD44E77629CC839B00AF0B5D /* NetworkServiceHelper.swift */,
			);
			path = Helpers;
			sourceTree = "<group>";
		};
		DD44E77829CC83A700AF0B5D /* Service */ = {
			isa = PBXGroup;
			children = (
				DD44E77929CC83B500AF0B5D /* NetworkService.swift */,
			);
			path = Service;
			sourceTree = "<group>";
		};
		DD44E77B29CC83C700AF0B5D /* Model */ = {
			isa = PBXGroup;
			children = (
				DD44E77C29CC83D000AF0B5D /* ItemsModel.swift */,
				DD44E77E29CC83DF00AF0B5D /* LoginResponseModel.swift */,
			);
			path = Model;
			sourceTree = "<group>";
		};
/* End PBXGroup section */

/* Begin PBXNativeTarget section */
		DD44E74629C9F89B00AF0B5D /* Vero-Digital-Solutions-Case */ = {
			isa = PBXNativeTarget;
			buildConfigurationList = DD44E75E29C9F89B00AF0B5D /* Build configuration list for PBXNativeTarget "Vero-Digital-Solutions-Case" */;
			buildPhases = (
				DD44E74329C9F89B00AF0B5D /* Sources */,
				DD44E74429C9F89B00AF0B5D /* Frameworks */,
				DD44E74529C9F89B00AF0B5D /* Resources */,
			);
			buildRules = (
			);
			dependencies = (
			);
			name = "Vero-Digital-Solutions-Case";
			productName = "Vero-Digital-Solutions-Case";
			productReference = DD44E74729C9F89B00AF0B5D /* Vero-Digital-Solutions-Case.app */;
			productType = "com.apple.product-type.application";
		};
/* End PBXNativeTarget section */

/* Begin PBXProject section */
		DD44E73F29C9F89B00AF0B5D /* Project object */ = {
			isa = PBXProject;
			attributes = {
				BuildIndependentTargetsInParallel = 1;
				LastSwiftUpdateCheck = 1400;
				LastUpgradeCheck = 1400;
				TargetAttributes = {
					DD44E74629C9F89B00AF0B5D = {
						CreatedOnToolsVersion = 14.0.1;
					};
				};
			};
			buildConfigurationList = DD44E74229C9F89B00AF0B5D /* Build configuration list for PBXProject "Vero-Digital-Solutions-Case" */;
			compatibilityVersion = "Xcode 14.0";
			developmentRegion = en;
			hasScannedForEncodings = 0;
			knownRegions = (
				en,
				Base,
			);
			mainGroup = DD44E73E29C9F89B00AF0B5D;
			productRefGroup = DD44E74829C9F89B00AF0B5D /* Products */;
			projectDirPath = "";
			projectRoot = "";
			targets = (
				DD44E74629C9F89B00AF0B5D /* Vero-Digital-Solutions-Case */,
			);
		};
/* End PBXProject section */

/* Begin PBXResourcesBuildPhase section */
		DD44E74529C9F89B00AF0B5D /* Resources */ = {
			isa = PBXResourcesBuildPhase;
			buildActionMask = 2147483647;
			files = (
				DD44E75A29C9F89B00AF0B5D /* LaunchScreen.storyboard in Resources */,
				DD44E75729C9F89B00AF0B5D /* Assets.xcassets in Resources */,
				DD44E75229C9F89B00AF0B5D /* Main.storyboard in Resources */,
			);
			runOnlyForDeploymentPostprocessing = 0;
		};
/* End PBXResourcesBuildPhase section */

/* Begin PBXSourcesBuildPhase section */
		DD44E74329C9F89B00AF0B5D /* Sources */ = {
			isa = PBXSourcesBuildPhase;
			buildActionMask = 2147483647;
			files = (
				DD44E77729CC839B00AF0B5D /* NetworkServiceHelper.swift in Sources */,
				DD44E74F29C9F89B00AF0B5D /* ViewController.swift in Sources */,
				DD44E77D29CC83D000AF0B5D /* ItemsModel.swift in Sources */,
				DD44E74B29C9F89B00AF0B5D /* AppDelegate.swift in Sources */,
				DD44E77029CC833200AF0B5D /* NetworkManager.swift in Sources */,
				DD44E77A29CC83B500AF0B5D /* NetworkService.swift in Sources */,
				DD44E74D29C9F89B00AF0B5D /* SceneDelegate.swift in Sources */,
				DD44E77329CC835F00AF0B5D /* Errors.swift in Sources */,
				DD44E75529C9F89B00AF0B5D /* Vero_Digital_Solutions_Case.xcdatamodeld in Sources */,
				DD44E77529CC837E00AF0B5D /* HTTPMethods.swift in Sources */,
				DD44E77F29CC83DF00AF0B5D /* LoginResponseModel.swift in Sources */,
			);
			runOnlyForDeploymentPostprocessing = 0;
		};
/* End PBXSourcesBuildPhase section */

/* Begin PBXVariantGroup section */
		DD44E75029C9F89B00AF0B5D /* Main.storyboard */ = {
			isa = PBXVariantGroup;
			children = (
				DD44E75129C9F89B00AF0B5D /* Base */,
			);
			name = Main.storyboard;
			sourceTree = "<group>";
		};
		DD44E75829C9F89B00AF0B5D /* LaunchScreen.storyboard */ = {
			isa = PBXVariantGroup;
			children = (
				DD44E75929C9F89B00AF0B5D /* Base */,
			);
			name = LaunchScreen.storyboard;
			sourceTree = "<group>";
		};
/* End PBXVariantGroup section */

/* Begin XCBuildConfiguration section */
		DD44E75C29C9F89B00AF0B5D /* Debug */ = {
			isa = XCBuildConfiguration;
			buildSettings = {
				ALWAYS_SEARCH_USER_PATHS = NO;
				CLANG_ANALYZER_NONNULL = YES;
				CLANG_ANALYZER_NUMBER_OBJECT_CONVERSION = YES_AGGRESSIVE;
				CLANG_CXX_LANGUAGE_STANDARD = "gnu++20";
				CLANG_ENABLE_MODULES = YES;
				CLANG_ENABLE_OBJC_ARC = YES;
				CLANG_ENABLE_OBJC_WEAK = YES;
				CLANG_WARN_BLOCK_CAPTURE_AUTORELEASING = YES;
				CLANG_WARN_BOOL_CONVERSION = YES;
				CLANG_WARN_COMMA = YES;
				CLANG_WARN_CONSTANT_CONVERSION = YES;
				CLANG_WARN_DEPRECATED_OBJC_IMPLEMENTATIONS = YES;
				CLANG_WARN_DIRECT_OBJC_ISA_USAGE = YES_ERROR;
				CLANG_WARN_DOCUMENTATION_COMMENTS = YES;
				CLANG_WARN_EMPTY_BODY = YES;
				CLANG_WARN_ENUM_CONVERSION = YES;
				CLANG_WARN_INFINITE_RECURSION = YES;
				CLANG_WARN_INT_CONVERSION = YES;
				CLANG_WARN_NON_LITERAL_NULL_CONVERSION = YES;
				CLANG_WARN_OBJC_IMPLICIT_RETAIN_SELF = YES;
				CLANG_WARN_OBJC_LITERAL_CONVERSION = YES;
				CLANG_WARN_OBJC_ROOT_CLASS = YES_ERROR;
				CLANG_WARN_QUOTED_INCLUDE_IN_FRAMEWORK_HEADER = YES;
				CLANG_WARN_RANGE_LOOP_ANALYSIS = YES;
				CLANG_WARN_STRICT_PROTOTYPES = YES;
				CLANG_WARN_SUSPICIOUS_MOVE = YES;
				CLANG_WARN_UNGUARDED_AVAILABILITY = YES_AGGRESSIVE;
				CLANG_WARN_UNREACHABLE_CODE = YES;
				CLANG_WARN__DUPLICATE_METHOD_MATCH = YES;
				COPY_PHASE_STRIP = NO;
				DEBUG_INFORMATION_FORMAT = dwarf;
				ENABLE_STRICT_OBJC_MSGSEND = YES;
				ENABLE_TESTABILITY = YES;
				GCC_C_LANGUAGE_STANDARD = gnu11;
				GCC_DYNAMIC_NO_PIC = NO;
				GCC_NO_COMMON_BLOCKS = YES;
				GCC_OPTIMIZATION_LEVEL = 0;
				GCC_PREPROCESSOR_DEFINITIONS = (
					"DEBUG=1",
					"$(inherited)",
				);
				GCC_WARN_64_TO_32_BIT_CONVERSION = YES;
				GCC_WARN_ABOUT_RETURN_TYPE = YES_ERROR;
				GCC_WARN_UNDECLARED_SELECTOR = YES;
				GCC_WARN_UNINITIALIZED_AUTOS = YES_AGGRESSIVE;
				GCC_WARN_UNUSED_FUNCTION = YES;
				GCC_WARN_UNUSED_VARIABLE = YES;
				IPHONEOS_DEPLOYMENT_TARGET = 16.0;
				MTL_ENABLE_DEBUG_INFO = INCLUDE_SOURCE;
				MTL_FAST_MATH = YES;
				ONLY_ACTIVE_ARCH = YES;
				SDKROOT = iphoneos;
				SWIFT_ACTIVE_COMPILATION_CONDITIONS = DEBUG;
				SWIFT_OPTIMIZATION_LEVEL = "-Onone";
			};
			name = Debug;
		};
		DD44E75D29C9F89B00AF0B5D /* Release */ = {
			isa = XCBuildConfiguration;
			buildSettings = {
				ALWAYS_SEARCH_USER_PATHS = NO;
				CLANG_ANALYZER_NONNULL = YES;
				CLANG_ANALYZER_NUMBER_OBJECT_CONVERSION = YES_AGGRESSIVE;
				CLANG_CXX_LANGUAGE_STANDARD = "gnu++20";
				CLANG_ENABLE_MODULES = YES;
				CLANG_ENABLE_OBJC_ARC = YES;
				CLANG_ENABLE_OBJC_WEAK = YES;
				CLANG_WARN_BLOCK_CAPTURE_AUTORELEASING = YES;
				CLANG_WARN_BOOL_CONVERSION = YES;
				CLANG_WARN_COMMA = YES;
				CLANG_WARN_CONSTANT_CONVERSION = YES;
				CLANG_WARN_DEPRECATED_OBJC_IMPLEMENTATIONS = YES;
				CLANG_WARN_DIRECT_OBJC_ISA_USAGE = YES_ERROR;
				CLANG_WARN_DOCUMENTATION_COMMENTS = YES;
				CLANG_WARN_EMPTY_BODY = YES;
				CLANG_WARN_ENUM_CONVERSION = YES;
				CLANG_WARN_INFINITE_RECURSION = YES;
				CLANG_WARN_INT_CONVERSION = YES;
				CLANG_WARN_NON_LITERAL_NULL_CONVERSION = YES;
				CLANG_WARN_OBJC_IMPLICIT_RETAIN_SELF = YES;
				CLANG_WARN_OBJC_LITERAL_CONVERSION = YES;
				CLANG_WARN_OBJC_ROOT_CLASS = YES_ERROR;
				CLANG_WARN_QUOTED_INCLUDE_IN_FRAMEWORK_HEADER = YES;
				CLANG_WARN_RANGE_LOOP_ANALYSIS = YES;
				CLANG_WARN_STRICT_PROTOTYPES = YES;
				CLANG_WARN_SUSPICIOUS_MOVE = YES;
				CLANG_WARN_UNGUARDED_AVAILABILITY = YES_AGGRESSIVE;
				CLANG_WARN_UNREACHABLE_CODE = YES;
				CLANG_WARN__DUPLICATE_METHOD_MATCH = YES;
				COPY_PHASE_STRIP = NO;
				DEBUG_INFORMATION_FORMAT = "dwarf-with-dsym";
				ENABLE_NS_ASSERTIONS = NO;
				ENABLE_STRICT_OBJC_MSGSEND = YES;
				GCC_C_LANGUAGE_STANDARD = gnu11;
				GCC_NO_COMMON_BLOCKS = YES;
				GCC_WARN_64_TO_32_BIT_CONVERSION = YES;
				GCC_WARN_ABOUT_RETURN_TYPE = YES_ERROR;
				GCC_WARN_UNDECLARED_SELECTOR = YES;
				GCC_WARN_UNINITIALIZED_AUTOS = YES_AGGRESSIVE;
				GCC_WARN_UNUSED_FUNCTION = YES;
				GCC_WARN_UNUSED_VARIABLE = YES;
				IPHONEOS_DEPLOYMENT_TARGET = 16.0;
				MTL_ENABLE_DEBUG_INFO = NO;
				MTL_FAST_MATH = YES;
				SDKROOT = iphoneos;
				SWIFT_COMPILATION_MODE = wholemodule;
				SWIFT_OPTIMIZATION_LEVEL = "-O";
				VALIDATE_PRODUCT = YES;
			};
			name = Release;
		};
		DD44E75F29C9F89B00AF0B5D /* Debug */ = {
			isa = XCBuildConfiguration;
			buildSettings = {
				ASSETCATALOG_COMPILER_APPICON_NAME = AppIcon;
				ASSETCATALOG_COMPILER_GLOBAL_ACCENT_COLOR_NAME = AccentColor;
				CODE_SIGN_STYLE = Automatic;
				CURRENT_PROJECT_VERSION = 1;
				DEVELOPMENT_TEAM = DC2CCCCLGJ;
				GENERATE_INFOPLIST_FILE = YES;
				INFOPLIST_FILE = "Vero-Digital-Solutions-Case/Info.plist";
				INFOPLIST_KEY_UIApplicationSupportsIndirectInputEvents = YES;
				INFOPLIST_KEY_UILaunchStoryboardName = LaunchScreen;
				INFOPLIST_KEY_UIMainStoryboardFile = Main;
				INFOPLIST_KEY_UISupportedInterfaceOrientations_iPad = "UIInterfaceOrientationPortrait UIInterfaceOrientationPortraitUpsideDown UIInterfaceOrientationLandscapeLeft UIInterfaceOrientationLandscapeRight";
				INFOPLIST_KEY_UISupportedInterfaceOrientations_iPhone = "UIInterfaceOrientationPortrait UIInterfaceOrientationLandscapeLeft UIInterfaceOrientationLandscapeRight";
				LD_RUNPATH_SEARCH_PATHS = (
					"$(inherited)",
					"@executable_path/Frameworks",
				);
				MARKETING_VERSION = 1.0;
				PRODUCT_BUNDLE_IDENTIFIER = "com.aligorkemaksoz.Vero-Digital-Solutions-Case";
				PRODUCT_NAME = "$(TARGET_NAME)";
				SWIFT_EMIT_LOC_STRINGS = YES;
				SWIFT_VERSION = 5.0;
				TARGETED_DEVICE_FAMILY = "1,2";
			};
			name = Debug;
		};
		DD44E76029C9F89B00AF0B5D /* Release */ = {
			isa = XCBuildConfiguration;
			buildSettings = {
				ASSETCATALOG_COMPILER_APPICON_NAME = AppIcon;
				ASSETCATALOG_COMPILER_GLOBAL_ACCENT_COLOR_NAME = AccentColor;
				CODE_SIGN_STYLE = Automatic;
				CURRENT_PROJECT_VERSION = 1;
				DEVELOPMENT_TEAM = DC2CCCCLGJ;
				GENERATE_INFOPLIST_FILE = YES;
				INFOPLIST_FILE = "Vero-Digital-Solutions-Case/Info.plist";
				INFOPLIST_KEY_UIApplicationSupportsIndirectInputEvents = YES;
				INFOPLIST_KEY_UILaunchStoryboardName = LaunchScreen;
				INFOPLIST_KEY_UIMainStoryboardFile = Main;
				INFOPLIST_KEY_UISupportedInterfaceOrientations_iPad = "UIInterfaceOrientationPortrait UIInterfaceOrientationPortraitUpsideDown UIInterfaceOrientationLandscapeLeft UIInterfaceOrientationLandscapeRight";
				INFOPLIST_KEY_UISupportedInterfaceOrientations_iPhone = "UIInterfaceOrientationPortrait UIInterfaceOrientationLandscapeLeft UIInterfaceOrientationLandscapeRight";
				LD_RUNPATH_SEARCH_PATHS = (
					"$(inherited)",
					"@executable_path/Frameworks",
				);
				MARKETING_VERSION = 1.0;
				PRODUCT_BUNDLE_IDENTIFIER = "com.aligorkemaksoz.Vero-Digital-Solutions-Case";
				PRODUCT_NAME = "$(TARGET_NAME)";
				SWIFT_EMIT_LOC_STRINGS = YES;
				SWIFT_VERSION = 5.0;
				TARGETED_DEVICE_FAMILY = "1,2";
			};
			name = Release;
		};
/* End XCBuildConfiguration section */

/* Begin XCConfigurationList section */
		DD44E74229C9F89B00AF0B5D /* Build configuration list for PBXProject "Vero-Digital-Solutions-Case" */ = {
			isa = XCConfigurationList;
			buildConfigurations = (
				DD44E75C29C9F89B00AF0B5D /* Debug */,
				DD44E75D29C9F89B00AF0B5D /* Release */,
			);
			defaultConfigurationIsVisible = 0;
			defaultConfigurationName = Release;
		};
		DD44E75E29C9F89B00AF0B5D /* Build configuration list for PBXNativeTarget "Vero-Digital-Solutions-Case" */ = {
			isa = XCConfigurationList;
			buildConfigurations = (
				DD44E75F29C9F89B00AF0B5D /* Debug */,
				DD44E76029C9F89B00AF0B5D /* Release */,
			);
			defaultConfigurationIsVisible = 0;
			defaultConfigurationName = Release;
		};
/* End XCConfigurationList section */

/* Begin XCVersionGroup section */
		DD44E75329C9F89B00AF0B5D /* Vero_Digital_Solutions_Case.xcdatamodeld */ = {
			isa = XCVersionGroup;
			children = (
				DD44E75429C9F89B00AF0B5D /* Vero_Digital_Solutions_Case.xcdatamodel */,
			);
			currentVersion = DD44E75429C9F89B00AF0B5D /* Vero_Digital_Solutions_Case.xcdatamodel */;
			path = Vero_Digital_Solutions_Case.xcdatamodeld;
			sourceTree = "<group>";
			versionGroupType = wrapper.xcdatamodel;
		};
/* End XCVersionGroup section */
	};
	rootObject = DD44E73F29C9F89B00AF0B5D /* Project object */;
}
